# auto-generated by grc.converter

id: dvbt2ll_interleavermod_bc
label: Bit Interleaver/Modulator
category: '[Core]/Digital Television/DVB-T2LL'

parameters:
-   id: framesize
    label: FECFRAME size
    dtype: enum
    options: [FECFRAME_NORMAL, FECFRAME_SHORT]
    option_labels: [Normal, Short]
    option_attributes:
        val: [dvbt2ll.FECFRAME_NORMAL, dvbt2ll.FECFRAME_SHORT]
-   id: rate
    label: Code rate
    dtype: enum
    options: [C1_3, C2_5, C1_2, C3_5, C2_3, C3_4, C4_5, C5_6]
    option_labels: [1/3, 2/5, 1/2, 3/5, 2/3, 3/4, 4/5, 5/6]
    option_attributes:
        val: [dvbt2ll.C1_3, dvbt2ll.C2_5, dvbt2ll.C1_2, dvbt2ll.C3_5, dvbt2ll.C2_3,
            dvbt2ll.C3_4, dvbt2ll.C4_5, dvbt2ll.C5_6]
-   id: constellation
    label: Constellation
    dtype: enum
    options: [MOD_QPSK, MOD_16QAM, MOD_64QAM, MOD_256QAM]
    option_labels: [QPSK, 16QAM, 64QAM, 256QAM]
    option_attributes:
        val: [dvbt2ll.MOD_QPSK, dvbt2ll.MOD_16QAM, dvbt2ll.MOD_64QAM, dvbt2ll.MOD_256QAM]
-   id: rotation
    label: Constellation rotation
    dtype: enum
    options: [ROTATION_OFF, ROTATION_ON]
    option_labels: ['Off', 'On']
    option_attributes:
        val: [dvbt2ll.ROTATION_OFF, dvbt2ll.ROTATION_ON]

inputs:
-   domain: stream
    dtype: byte

outputs:
-   domain: stream
    dtype: complex

templates:
    imports: import dvbt2ll
    make: dvbt2ll.interleavermod_bc(${framesize.val}, ${rate.val}, ${constellation.val},
        ${rotation.val})

file_format: 1
